
Microsoft Visual Studio Solution File, Format Version 12.00
# Visual Studio Version 17
VisualStudioVersion = 17.9.34622.214
MinimumVisualStudioVersion = 10.0.40219.1
Project("{9A19103F-16F7-4668-BE54-9A1E7A4F7556}") = "Eroad.Common", "..\Eroad.Common\Eroad.Common.csproj", "{6C4CDFA0-A6C5-4E4E-A662-FD3646710423}"
EndProject
Project("{9A19103F-16F7-4668-BE54-9A1E7A4F7556}") = "Eroad.DeliveryTracking.Common", "..\Eroad.DeliveryTracking.Common\Eroad.DeliveryTracking.Common.csproj", "{C7D84D5E-09EF-42BA-82CD-2E00B4D9B7D8}"
EndProject
Project("{9A19103F-16F7-4668-BE54-9A1E7A4F7556}") = "Eroad.RouteManagement.Common", "..\Eroad.RouteManagement.Common\Eroad.RouteManagement.Common.csproj", "{D8861589-8F57-4A26-8FD1-7D3A7099553A}"
EndProject
Project("{2150E333-8FDC-42A3-9474-1A3956D46DE8}") = "Eroad.FleetManagement", "Eroad.FleetManagement", "{395115BE-88CA-4C25-AD0D-3DCBE18E92E0}"
EndProject
Project("{9A19103F-16F7-4668-BE54-9A1E7A4F7556}") = "Eroad.FleetManagement.Command.Domain", "..\Eroad.FleetManagement.Command.Domain\Eroad.FleetManagement.Command.Domain.csproj", "{BAE0DAE7-003B-4A8A-83EF-BA9339B5B8FB}"
EndProject
Project("{9A19103F-16F7-4668-BE54-9A1E7A4F7556}") = "Eroad.CQRS.Core", "..\Eroad.CQRS.Core\Eroad.CQRS.Core.csproj", "{31499FD5-26EF-48E9-B640-6F1C7E3CFF0E}"
EndProject
Project("{9A19103F-16F7-4668-BE54-9A1E7A4F7556}") = "Eroad.FleetManagement.Command.API", "..\Eroad.FleetManagement.Command.API\Eroad.FleetManagement.Command.API.csproj", "{734A62C4-D36B-481F-8B2F-CC936D7E020C}"
EndProject
Project("{2150E333-8FDC-42A3-9474-1A3956D46DE8}") = "Eroad.RouteManagement", "Eroad.RouteManagement", "{B1A47B02-1D06-4FF6-843E-EDD20E13727A}"
EndProject
Project("{9A19103F-16F7-4668-BE54-9A1E7A4F7556}") = "Eroad.RouteManagement.Command.Domain", "..\Eroad.RouteManagement.Command.Domain\Eroad.RouteManagement.Command.Domain.csproj", "{18C952D6-F1FB-4F31-8EB1-8588004899B1}"
EndProject
Project("{9A19103F-16F7-4668-BE54-9A1E7A4F7556}") = "Eroad.RouteManagement.Command.Infrastructure", "..\Eroad.RouteManagement.Command.Infrastructure\Eroad.RouteManagement.Command.Infrastructure.csproj", "{D7D81429-2E14-48E3-9001-0F8B98ACAF29}"
EndProject
Project("{9A19103F-16F7-4668-BE54-9A1E7A4F7556}") = "Eroad.RouteManagement.Command.API", "..\Eroad.RouteManagement.Command.API\Eroad.RouteManagement.Command.API.csproj", "{1982C8C1-226D-4E47-ACFE-01C2EC5351B7}"
EndProject
Project("{2150E333-8FDC-42A3-9474-1A3956D46DE8}") = "Eroad.DeliveryTracking", "Eroad.DeliveryTracking", "{D379FFB6-34EE-434E-9A31-E02B0F4D5B17}"
EndProject
Project("{9A19103F-16F7-4668-BE54-9A1E7A4F7556}") = "Eroad.DeliveryTracking.Command.API", "..\Eroad.DeliveryTracking.Command.API\Eroad.DeliveryTracking.Command.API.csproj", "{450E3F5D-A444-4D89-9865-9A49F525B921}"
EndProject
Project("{9A19103F-16F7-4668-BE54-9A1E7A4F7556}") = "Eroad.DeliveryTracking.Command.Domain", "..\Eroad.DeliveryTracking.Command.Domain\Eroad.DeliveryTracking.Command.Domain.csproj", "{79A2DD84-92ED-435B-B91D-B03A6A7FE040}"
EndProject
Project("{9A19103F-16F7-4668-BE54-9A1E7A4F7556}") = "Eroad.DeliveryTracking.Command.Infrastructure", "..\Eroad.DeliveryTracking.Command.Infrastructure\Eroad.DeliveryTracking.Command.Infrastructure.csproj", "{696ABCEF-CED3-48BC-B1F9-60262FC18E12}"
EndProject
Project("{2150E333-8FDC-42A3-9474-1A3956D46DE8}") = "docker", "docker", "{B29F0BFC-0919-489B-AB2A-C3D7D9F0AB6B}"
	ProjectSection(SolutionItems) = preProject
		..\docker-compose.yaml = ..\docker-compose.yaml
	EndProjectSection
EndProject
Project("{9A19103F-16F7-4668-BE54-9A1E7A4F7556}") = "Eroad.FleetManagement.Query.API", "..\Eroad.FleetManagement.Query.API\Eroad.FleetManagement.Query.API.csproj", "{380F04FD-E128-40C2-86C4-B2A42ED643B0}"
EndProject
Project("{9A19103F-16F7-4668-BE54-9A1E7A4F7556}") = "Eroad.FleetManagement.Query.Domain", "..\Eroad.FleetManagement.Query.Domain\Eroad.FleetManagement.Query.Domain.csproj", "{ADFBBCFB-C212-446F-856F-6CD50A36E15A}"
EndProject
Project("{9A19103F-16F7-4668-BE54-9A1E7A4F7556}") = "Eroad.FleetManagement.Query.Infrastructure", "..\Eroad.FleetManagement.Query.Infrastructure\Eroad.FleetManagement.Query.Infrastructure.csproj", "{7F0BD13A-F1DA-417D-AC6A-D38AEC5F05CE}"
EndProject
Project("{9A19103F-16F7-4668-BE54-9A1E7A4F7556}") = "Eroad.RouteManagement.Query.API", "..\Eroad.RouteManagement.Query.API\Eroad.RouteManagement.Query.API.csproj", "{44D92491-DA75-4446-90E7-5097F60216B8}"
EndProject
Project("{9A19103F-16F7-4668-BE54-9A1E7A4F7556}") = "Eroad.RouteManagement.Query.Domain", "..\Eroad.RouteManagement.Query.Domain\Eroad.RouteManagement.Query.Domain.csproj", "{1D8C5CBD-B5E8-45BE-BE8E-78CBE43A3987}"
EndProject
Project("{9A19103F-16F7-4668-BE54-9A1E7A4F7556}") = "Eroad.RouteManagement.Query.Infrastructure", "..\Eroad.RouteManagement.Query.Infrastructure\Eroad.RouteManagement.Query.Infrastructure.csproj", "{5770DE1C-9763-4212-A94C-B10426377F86}"
EndProject
Project("{9A19103F-16F7-4668-BE54-9A1E7A4F7556}") = "Eroad.DeliveryTracking.Query.API", "..\Eroad.DeliveryTracking.Query.API\Eroad.DeliveryTracking.Query.API.csproj", "{66663C99-5C27-4367-BE62-A78A598867AC}"
EndProject
Project("{9A19103F-16F7-4668-BE54-9A1E7A4F7556}") = "Eroad.DeliveryTracking.Query.Domain", "..\Eroad.DeliveryTracking.Query.Domain\Eroad.DeliveryTracking.Query.Domain.csproj", "{F1A4BFD3-FEDB-4E0C-A6C0-3AE278798E40}"
EndProject
Project("{9A19103F-16F7-4668-BE54-9A1E7A4F7556}") = "Eroad.DeliveryTracking.Query.Infrastructure", "..\Eroad.DeliveryTracking.Query.Infrastructure\Eroad.DeliveryTracking.Query.Infrastructure.csproj", "{27D501C9-41AA-427E-936E-188A90C4DB72}"
EndProject
Project("{9A19103F-16F7-4668-BE54-9A1E7A4F7556}") = "Eroad.FleetManagement.Command.Infrastructure", "..\Eroad.FleetManagement.Command.Infrastructure\Eroad.FleetManagement.Command.Infrastructure.csproj", "{8A496DDA-AAFB-4AC9-8F44-9EACE633F0F6}"
EndProject
Project("{9A19103F-16F7-4668-BE54-9A1E7A4F7556}") = "Eroad.FleetManagement.Common", "..\Eroad.FleetManagement.Common\Eroad.FleetManagement.Common.csproj", "{16B4FD48-2338-4093-ADF3-D3559FEF751C}"
EndProject
Global
	GlobalSection(SolutionConfigurationPlatforms) = preSolution
		Debug|Any CPU = Debug|Any CPU
		Release|Any CPU = Release|Any CPU
	EndGlobalSection
	GlobalSection(ProjectConfigurationPlatforms) = postSolution
		{6C4CDFA0-A6C5-4E4E-A662-FD3646710423}.Debug|Any CPU.ActiveCfg = Debug|Any CPU
		{6C4CDFA0-A6C5-4E4E-A662-FD3646710423}.Debug|Any CPU.Build.0 = Debug|Any CPU
		{6C4CDFA0-A6C5-4E4E-A662-FD3646710423}.Release|Any CPU.ActiveCfg = Release|Any CPU
		{6C4CDFA0-A6C5-4E4E-A662-FD3646710423}.Release|Any CPU.Build.0 = Release|Any CPU
		{C7D84D5E-09EF-42BA-82CD-2E00B4D9B7D8}.Debug|Any CPU.ActiveCfg = Debug|Any CPU
		{C7D84D5E-09EF-42BA-82CD-2E00B4D9B7D8}.Debug|Any CPU.Build.0 = Debug|Any CPU
		{C7D84D5E-09EF-42BA-82CD-2E00B4D9B7D8}.Release|Any CPU.ActiveCfg = Release|Any CPU
		{C7D84D5E-09EF-42BA-82CD-2E00B4D9B7D8}.Release|Any CPU.Build.0 = Release|Any CPU
		{D8861589-8F57-4A26-8FD1-7D3A7099553A}.Debug|Any CPU.ActiveCfg = Debug|Any CPU
		{D8861589-8F57-4A26-8FD1-7D3A7099553A}.Debug|Any CPU.Build.0 = Debug|Any CPU
		{D8861589-8F57-4A26-8FD1-7D3A7099553A}.Release|Any CPU.ActiveCfg = Release|Any CPU
		{D8861589-8F57-4A26-8FD1-7D3A7099553A}.Release|Any CPU.Build.0 = Release|Any CPU
		{BAE0DAE7-003B-4A8A-83EF-BA9339B5B8FB}.Debug|Any CPU.ActiveCfg = Debug|Any CPU
		{BAE0DAE7-003B-4A8A-83EF-BA9339B5B8FB}.Debug|Any CPU.Build.0 = Debug|Any CPU
		{BAE0DAE7-003B-4A8A-83EF-BA9339B5B8FB}.Release|Any CPU.ActiveCfg = Release|Any CPU
		{BAE0DAE7-003B-4A8A-83EF-BA9339B5B8FB}.Release|Any CPU.Build.0 = Release|Any CPU
		{31499FD5-26EF-48E9-B640-6F1C7E3CFF0E}.Debug|Any CPU.ActiveCfg = Debug|Any CPU
		{31499FD5-26EF-48E9-B640-6F1C7E3CFF0E}.Debug|Any CPU.Build.0 = Debug|Any CPU
		{31499FD5-26EF-48E9-B640-6F1C7E3CFF0E}.Release|Any CPU.ActiveCfg = Release|Any CPU
		{31499FD5-26EF-48E9-B640-6F1C7E3CFF0E}.Release|Any CPU.Build.0 = Release|Any CPU
		{734A62C4-D36B-481F-8B2F-CC936D7E020C}.Debug|Any CPU.ActiveCfg = Debug|Any CPU
		{734A62C4-D36B-481F-8B2F-CC936D7E020C}.Debug|Any CPU.Build.0 = Debug|Any CPU
		{734A62C4-D36B-481F-8B2F-CC936D7E020C}.Release|Any CPU.ActiveCfg = Release|Any CPU
		{734A62C4-D36B-481F-8B2F-CC936D7E020C}.Release|Any CPU.Build.0 = Release|Any CPU
		{18C952D6-F1FB-4F31-8EB1-8588004899B1}.Debug|Any CPU.ActiveCfg = Debug|Any CPU
		{18C952D6-F1FB-4F31-8EB1-8588004899B1}.Debug|Any CPU.Build.0 = Debug|Any CPU
		{18C952D6-F1FB-4F31-8EB1-8588004899B1}.Release|Any CPU.ActiveCfg = Release|Any CPU
		{18C952D6-F1FB-4F31-8EB1-8588004899B1}.Release|Any CPU.Build.0 = Release|Any CPU
		{D7D81429-2E14-48E3-9001-0F8B98ACAF29}.Debug|Any CPU.ActiveCfg = Debug|Any CPU
		{D7D81429-2E14-48E3-9001-0F8B98ACAF29}.Debug|Any CPU.Build.0 = Debug|Any CPU
		{D7D81429-2E14-48E3-9001-0F8B98ACAF29}.Release|Any CPU.ActiveCfg = Release|Any CPU
		{D7D81429-2E14-48E3-9001-0F8B98ACAF29}.Release|Any CPU.Build.0 = Release|Any CPU
		{1982C8C1-226D-4E47-ACFE-01C2EC5351B7}.Debug|Any CPU.ActiveCfg = Debug|Any CPU
		{1982C8C1-226D-4E47-ACFE-01C2EC5351B7}.Debug|Any CPU.Build.0 = Debug|Any CPU
		{1982C8C1-226D-4E47-ACFE-01C2EC5351B7}.Release|Any CPU.ActiveCfg = Release|Any CPU
		{1982C8C1-226D-4E47-ACFE-01C2EC5351B7}.Release|Any CPU.Build.0 = Release|Any CPU
		{450E3F5D-A444-4D89-9865-9A49F525B921}.Debug|Any CPU.ActiveCfg = Debug|Any CPU
		{450E3F5D-A444-4D89-9865-9A49F525B921}.Debug|Any CPU.Build.0 = Debug|Any CPU
		{450E3F5D-A444-4D89-9865-9A49F525B921}.Release|Any CPU.ActiveCfg = Release|Any CPU
		{450E3F5D-A444-4D89-9865-9A49F525B921}.Release|Any CPU.Build.0 = Release|Any CPU
		{79A2DD84-92ED-435B-B91D-B03A6A7FE040}.Debug|Any CPU.ActiveCfg = Debug|Any CPU
		{79A2DD84-92ED-435B-B91D-B03A6A7FE040}.Debug|Any CPU.Build.0 = Debug|Any CPU
		{79A2DD84-92ED-435B-B91D-B03A6A7FE040}.Release|Any CPU.ActiveCfg = Release|Any CPU
		{79A2DD84-92ED-435B-B91D-B03A6A7FE040}.Release|Any CPU.Build.0 = Release|Any CPU
		{696ABCEF-CED3-48BC-B1F9-60262FC18E12}.Debug|Any CPU.ActiveCfg = Debug|Any CPU
		{696ABCEF-CED3-48BC-B1F9-60262FC18E12}.Debug|Any CPU.Build.0 = Debug|Any CPU
		{696ABCEF-CED3-48BC-B1F9-60262FC18E12}.Release|Any CPU.ActiveCfg = Release|Any CPU
		{696ABCEF-CED3-48BC-B1F9-60262FC18E12}.Release|Any CPU.Build.0 = Release|Any CPU
		{380F04FD-E128-40C2-86C4-B2A42ED643B0}.Debug|Any CPU.ActiveCfg = Debug|Any CPU
		{380F04FD-E128-40C2-86C4-B2A42ED643B0}.Debug|Any CPU.Build.0 = Debug|Any CPU
		{380F04FD-E128-40C2-86C4-B2A42ED643B0}.Release|Any CPU.ActiveCfg = Release|Any CPU
		{380F04FD-E128-40C2-86C4-B2A42ED643B0}.Release|Any CPU.Build.0 = Release|Any CPU
		{ADFBBCFB-C212-446F-856F-6CD50A36E15A}.Debug|Any CPU.ActiveCfg = Debug|Any CPU
		{ADFBBCFB-C212-446F-856F-6CD50A36E15A}.Debug|Any CPU.Build.0 = Debug|Any CPU
		{ADFBBCFB-C212-446F-856F-6CD50A36E15A}.Release|Any CPU.ActiveCfg = Release|Any CPU
		{ADFBBCFB-C212-446F-856F-6CD50A36E15A}.Release|Any CPU.Build.0 = Release|Any CPU
		{7F0BD13A-F1DA-417D-AC6A-D38AEC5F05CE}.Debug|Any CPU.ActiveCfg = Debug|Any CPU
		{7F0BD13A-F1DA-417D-AC6A-D38AEC5F05CE}.Debug|Any CPU.Build.0 = Debug|Any CPU
		{7F0BD13A-F1DA-417D-AC6A-D38AEC5F05CE}.Release|Any CPU.ActiveCfg = Release|Any CPU
		{7F0BD13A-F1DA-417D-AC6A-D38AEC5F05CE}.Release|Any CPU.Build.0 = Release|Any CPU
		{44D92491-DA75-4446-90E7-5097F60216B8}.Debug|Any CPU.ActiveCfg = Debug|Any CPU
		{44D92491-DA75-4446-90E7-5097F60216B8}.Debug|Any CPU.Build.0 = Debug|Any CPU
		{44D92491-DA75-4446-90E7-5097F60216B8}.Release|Any CPU.ActiveCfg = Release|Any CPU
		{44D92491-DA75-4446-90E7-5097F60216B8}.Release|Any CPU.Build.0 = Release|Any CPU
		{1D8C5CBD-B5E8-45BE-BE8E-78CBE43A3987}.Debug|Any CPU.ActiveCfg = Debug|Any CPU
		{1D8C5CBD-B5E8-45BE-BE8E-78CBE43A3987}.Debug|Any CPU.Build.0 = Debug|Any CPU
		{1D8C5CBD-B5E8-45BE-BE8E-78CBE43A3987}.Release|Any CPU.ActiveCfg = Release|Any CPU
		{1D8C5CBD-B5E8-45BE-BE8E-78CBE43A3987}.Release|Any CPU.Build.0 = Release|Any CPU
		{5770DE1C-9763-4212-A94C-B10426377F86}.Debug|Any CPU.ActiveCfg = Debug|Any CPU
		{5770DE1C-9763-4212-A94C-B10426377F86}.Debug|Any CPU.Build.0 = Debug|Any CPU
		{5770DE1C-9763-4212-A94C-B10426377F86}.Release|Any CPU.ActiveCfg = Release|Any CPU
		{5770DE1C-9763-4212-A94C-B10426377F86}.Release|Any CPU.Build.0 = Release|Any CPU
		{66663C99-5C27-4367-BE62-A78A598867AC}.Debug|Any CPU.ActiveCfg = Debug|Any CPU
		{66663C99-5C27-4367-BE62-A78A598867AC}.Debug|Any CPU.Build.0 = Debug|Any CPU
		{66663C99-5C27-4367-BE62-A78A598867AC}.Release|Any CPU.ActiveCfg = Release|Any CPU
		{66663C99-5C27-4367-BE62-A78A598867AC}.Release|Any CPU.Build.0 = Release|Any CPU
		{F1A4BFD3-FEDB-4E0C-A6C0-3AE278798E40}.Debug|Any CPU.ActiveCfg = Debug|Any CPU
		{F1A4BFD3-FEDB-4E0C-A6C0-3AE278798E40}.Debug|Any CPU.Build.0 = Debug|Any CPU
		{F1A4BFD3-FEDB-4E0C-A6C0-3AE278798E40}.Release|Any CPU.ActiveCfg = Release|Any CPU
		{F1A4BFD3-FEDB-4E0C-A6C0-3AE278798E40}.Release|Any CPU.Build.0 = Release|Any CPU
		{27D501C9-41AA-427E-936E-188A90C4DB72}.Debug|Any CPU.ActiveCfg = Debug|Any CPU
		{27D501C9-41AA-427E-936E-188A90C4DB72}.Debug|Any CPU.Build.0 = Debug|Any CPU
		{27D501C9-41AA-427E-936E-188A90C4DB72}.Release|Any CPU.ActiveCfg = Release|Any CPU
		{27D501C9-41AA-427E-936E-188A90C4DB72}.Release|Any CPU.Build.0 = Release|Any CPU
		{8A496DDA-AAFB-4AC9-8F44-9EACE633F0F6}.Debug|Any CPU.ActiveCfg = Debug|Any CPU
		{8A496DDA-AAFB-4AC9-8F44-9EACE633F0F6}.Debug|Any CPU.Build.0 = Debug|Any CPU
		{8A496DDA-AAFB-4AC9-8F44-9EACE633F0F6}.Release|Any CPU.ActiveCfg = Release|Any CPU
		{8A496DDA-AAFB-4AC9-8F44-9EACE633F0F6}.Release|Any CPU.Build.0 = Release|Any CPU
		{16B4FD48-2338-4093-ADF3-D3559FEF751C}.Debug|Any CPU.ActiveCfg = Debug|Any CPU
		{16B4FD48-2338-4093-ADF3-D3559FEF751C}.Debug|Any CPU.Build.0 = Debug|Any CPU
		{16B4FD48-2338-4093-ADF3-D3559FEF751C}.Release|Any CPU.ActiveCfg = Release|Any CPU
		{16B4FD48-2338-4093-ADF3-D3559FEF751C}.Release|Any CPU.Build.0 = Release|Any CPU
	EndGlobalSection
	GlobalSection(SolutionProperties) = preSolution
		HideSolutionNode = FALSE
	EndGlobalSection
	GlobalSection(NestedProjects) = preSolution
		{C7D84D5E-09EF-42BA-82CD-2E00B4D9B7D8} = {D379FFB6-34EE-434E-9A31-E02B0F4D5B17}
		{D8861589-8F57-4A26-8FD1-7D3A7099553A} = {B1A47B02-1D06-4FF6-843E-EDD20E13727A}
		{BAE0DAE7-003B-4A8A-83EF-BA9339B5B8FB} = {395115BE-88CA-4C25-AD0D-3DCBE18E92E0}
		{734A62C4-D36B-481F-8B2F-CC936D7E020C} = {395115BE-88CA-4C25-AD0D-3DCBE18E92E0}
		{18C952D6-F1FB-4F31-8EB1-8588004899B1} = {B1A47B02-1D06-4FF6-843E-EDD20E13727A}
		{D7D81429-2E14-48E3-9001-0F8B98ACAF29} = {B1A47B02-1D06-4FF6-843E-EDD20E13727A}
		{1982C8C1-226D-4E47-ACFE-01C2EC5351B7} = {B1A47B02-1D06-4FF6-843E-EDD20E13727A}
		{450E3F5D-A444-4D89-9865-9A49F525B921} = {D379FFB6-34EE-434E-9A31-E02B0F4D5B17}
		{79A2DD84-92ED-435B-B91D-B03A6A7FE040} = {D379FFB6-34EE-434E-9A31-E02B0F4D5B17}
		{696ABCEF-CED3-48BC-B1F9-60262FC18E12} = {D379FFB6-34EE-434E-9A31-E02B0F4D5B17}
		{380F04FD-E128-40C2-86C4-B2A42ED643B0} = {395115BE-88CA-4C25-AD0D-3DCBE18E92E0}
		{ADFBBCFB-C212-446F-856F-6CD50A36E15A} = {395115BE-88CA-4C25-AD0D-3DCBE18E92E0}
		{7F0BD13A-F1DA-417D-AC6A-D38AEC5F05CE} = {395115BE-88CA-4C25-AD0D-3DCBE18E92E0}
		{44D92491-DA75-4446-90E7-5097F60216B8} = {B1A47B02-1D06-4FF6-843E-EDD20E13727A}
		{1D8C5CBD-B5E8-45BE-BE8E-78CBE43A3987} = {B1A47B02-1D06-4FF6-843E-EDD20E13727A}
		{5770DE1C-9763-4212-A94C-B10426377F86} = {B1A47B02-1D06-4FF6-843E-EDD20E13727A}
		{66663C99-5C27-4367-BE62-A78A598867AC} = {D379FFB6-34EE-434E-9A31-E02B0F4D5B17}
		{F1A4BFD3-FEDB-4E0C-A6C0-3AE278798E40} = {D379FFB6-34EE-434E-9A31-E02B0F4D5B17}
		{27D501C9-41AA-427E-936E-188A90C4DB72} = {D379FFB6-34EE-434E-9A31-E02B0F4D5B17}
		{8A496DDA-AAFB-4AC9-8F44-9EACE633F0F6} = {395115BE-88CA-4C25-AD0D-3DCBE18E92E0}
		{16B4FD48-2338-4093-ADF3-D3559FEF751C} = {395115BE-88CA-4C25-AD0D-3DCBE18E92E0}
	EndGlobalSection
	GlobalSection(ExtensibilityGlobals) = postSolution
		SolutionGuid = {13E5BA11-1D83-4E8A-AB2B-D429C34D7443}
	EndGlobalSection
EndGlobal
